
Microsoft Visual Studio Solution File, Format Version 12.00
# Visual Studio Version 17
VisualStudioVersion = 17.8.34309.116
MinimumVisualStudioVersion = 10.0.40219.1
Project("{FAE04EC0-301F-11D3-BF4B-00C04F79EFBC}") = "Week14OOP", "Week14OOP\Week14OOP.csproj", "{0C3B2008-2C89-4AFD-AA2A-D8394C49F373}"
EndProject
Global
	GlobalSection(SolutionConfigurationPlatforms) = preSolution
		Debug|Any CPU = Debug|Any CPU
		Release|Any CPU = Release|Any CPU
	EndGlobalSection
	GlobalSection(ProjectConfigurationPlatforms) = postSolution
		{0C3B2008-2C89-4AFD-AA2A-D8394C49F373}.Debug|Any CPU.ActiveCfg = Debug|Any CPU
		{0C3B2008-2C89-4AFD-AA2A-D8394C49F373}.Debug|Any CPU.Build.0 = Debug|Any CPU
		{0C3B2008-2C89-4AFD-AA2A-D8394C49F373}.Release|Any CPU.ActiveCfg = Release|Any CPU
		{0C3B2008-2C89-4AFD-AA2A-D8394C49F373}.Release|Any CPU.Build.0 = Release|Any CPU
	EndGlobalSection
	GlobalSection(SolutionProperties) = preSolution
		HideSolutionNode = FALSE
	EndGlobalSection
	GlobalSection(ExtensibilityGlobals) = postSolution
		SolutionGuid = {1C02074D-4748-4F61-92EC-39C8EF8DC0B7}
	EndGlobalSection
EndGlobal
